# This file is automatically @generated by Cargo.
# It is not intended for manual editing.
version = 4

[[package]]
name = "banches"
version = "0.1.0"
dependencies = [
 "varmap",
]

[[package]]
name = "tester"
version = "0.1.0"
dependencies = [
 "varmap",
]

[[package]]
name = "varmap"
version = "0.1.1"
dependencies = [
 "varmap_proc_macro 0.1.1 (registry+https://github.com/rust-lang/crates.io-index)",
]

[[package]]
name = "varmap_proc_macro"
version = "0.1.1"

[[package]]
name = "varmap_proc_macro"
version = "0.1.1"
source = "registry+https://github.com/rust-lang/crates.io-index"
checksum = "1b40ed0eec4346537ad73095f4404ba12e0858bb1fbf61303422e2f98865e3d6"
